
Microsoft Visual Studio Solution File, Format Version 12.00
# Visual Studio Version 17
VisualStudioVersion = 17.5.002.0
MinimumVisualStudioVersion = 10.0.40219.1
Project("{9A19103F-16F7-4668-BE54-9A1E7A4F7556}") = "api", "api\api.csproj", "{CECD26C6-4846-425A-8C68-9F508F1806F9}"
EndProject
Global
	GlobalSection(SolutionConfigurationPlatforms) = preSolution
		Debug|Any CPU = Debug|Any CPU
		Release|Any CPU = Release|Any CPU
	EndGlobalSection
	GlobalSection(ProjectConfigurationPlatforms) = postSolution
		{CECD26C6-4846-425A-8C68-9F508F1806F9}.Debug|Any CPU.ActiveCfg = Debug|Any CPU
		{CECD26C6-4846-425A-8C68-9F508F1806F9}.Debug|Any CPU.Build.0 = Debug|Any CPU
		{CECD26C6-4846-425A-8C68-9F508F1806F9}.Release|Any CPU.ActiveCfg = Release|Any CPU
		{CECD26C6-4846-425A-8C68-9F508F1806F9}.Release|Any CPU.Build.0 = Release|Any CPU
	EndGlobalSection
	GlobalSection(SolutionProperties) = preSolution
		HideSolutionNode = FALSE
	EndGlobalSection
	GlobalSection(ExtensibilityGlobals) = postSolution
		SolutionGuid = {55705442-C7FE-4399-A09B-BDFE364717E4}
	EndGlobalSection
EndGlobal
